// !$*UTF8*$!
{
	archiveVersion = 1;
	classes = {
	};
	objectVersion = 46;
	objects = {

/* Begin PBXBuildFile section */
		776782A31A3D8CC700E59594 /* HierarchalSection.cpp in Sources */ = {isa = PBXBuildFile; fileRef = 776782A11A3D8CC700E59594 /* HierarchalSection.cpp */; };
		776782A61A3D8EB600E59594 /* MensMentis.cpp in Sources */ = {isa = PBXBuildFile; fileRef = 776782A41A3D8EB600E59594 /* MensMentis.cpp */; };
		7773B7541A2A5F5800BC150C /* main.cpp in Sources */ = {isa = PBXBuildFile; fileRef = 7773B7531A2A5F5800BC150C /* main.cpp */; };
		7773B75C1A2AF7F000BC150C /* SpatialPooler.cpp in Sources */ = {isa = PBXBuildFile; fileRef = 7773B75A1A2AF7F000BC150C /* SpatialPooler.cpp */; };
		7773B75F1A2B06B500BC150C /* neuron.cpp in Sources */ = {isa = PBXBuildFile; fileRef = 7773B75D1A2B06B500BC150C /* neuron.cpp */; };
		7773B7631A2D947100BC150C /* CorticalColumn.cpp in Sources */ = {isa = PBXBuildFile; fileRef = 7773B7611A2D947100BC150C /* CorticalColumn.cpp */; };
/* End PBXBuildFile section */

/* Begin PBXCopyFilesBuildPhase section */
		7773B74E1A2A5F5800BC150C /* CopyFiles */ = {
			isa = PBXCopyFilesBuildPhase;
			buildActionMask = 2147483647;
			dstPath = /usr/share/man/man1/;
			dstSubfolderSpec = 0;
			files = (
			);
			runOnlyForDeploymentPostprocessing = 1;
		};
/* End PBXCopyFilesBuildPhase section */

/* Begin PBXFileReference section */
		776782A11A3D8CC700E59594 /* HierarchalSection.cpp */ = {isa = PBXFileReference; fileEncoding = 4; lastKnownFileType = sourcecode.cpp.cpp; path = HierarchalSection.cpp; sourceTree = "<group>"; };
		776782A21A3D8CC700E59594 /* HierarchalSection.h */ = {isa = PBXFileReference; fileEncoding = 4; lastKnownFileType = sourcecode.c.h; path = HierarchalSection.h; sourceTree = "<group>"; };
		776782A41A3D8EB600E59594 /* MensMentis.cpp */ = {isa = PBXFileReference; fileEncoding = 4; lastKnownFileType = sourcecode.cpp.cpp; path = MensMentis.cpp; sourceTree = "<group>"; };
		776782A51A3D8EB600E59594 /* MensMentis.h */ = {isa = PBXFileReference; fileEncoding = 4; lastKnownFileType = sourcecode.c.h; path = MensMentis.h; sourceTree = "<group>"; };
		7773B7501A2A5F5800BC150C /* Neural Net */ = {isa = PBXFileReference; explicitFileType = "compiled.mach-o.executable"; includeInIndex = 0; path = "Neural Net"; sourceTree = BUILT_PRODUCTS_DIR; };
		7773B7531A2A5F5800BC150C /* main.cpp */ = {isa = PBXFileReference; lastKnownFileType = sourcecode.cpp.cpp; path = main.cpp; sourceTree = "<group>"; };
		7773B75A1A2AF7F000BC150C /* SpatialPooler.cpp */ = {isa = PBXFileReference; fileEncoding = 4; lastKnownFileType = sourcecode.cpp.cpp; path = SpatialPooler.cpp; sourceTree = "<group>"; };
		7773B75B1A2AF7F000BC150C /* SpatialPooler.h */ = {isa = PBXFileReference; fileEncoding = 4; lastKnownFileType = sourcecode.c.h; path = SpatialPooler.h; sourceTree = "<group>"; };
		7773B75D1A2B06B500BC150C /* neuron.cpp */ = {isa = PBXFileReference; fileEncoding = 4; lastKnownFileType = sourcecode.cpp.cpp; path = neuron.cpp; sourceTree = "<group>"; };
		7773B75E1A2B06B500BC150C /* neuron.h */ = {isa = PBXFileReference; fileEncoding = 4; lastKnownFileType = sourcecode.c.h; path = neuron.h; sourceTree = "<group>"; };
		7773B7601A2B06F400BC150C /* def.h */ = {isa = PBXFileReference; lastKnownFileType = sourcecode.c.h; path = def.h; sourceTree = "<group>"; };
		7773B7611A2D947100BC150C /* CorticalColumn.cpp */ = {isa = PBXFileReference; fileEncoding = 4; lastKnownFileType = sourcecode.cpp.cpp; path = CorticalColumn.cpp; sourceTree = "<group>"; };
		7773B7621A2D947100BC150C /* CorticalColumn.h */ = {isa = PBXFileReference; fileEncoding = 4; lastKnownFileType = sourcecode.c.h; path = CorticalColumn.h; sourceTree = "<group>"; };
/* End PBXFileReference section */

/* Begin PBXFrameworksBuildPhase section */
		7773B74D1A2A5F5800BC150C /* Frameworks */ = {
			isa = PBXFrameworksBuildPhase;
			buildActionMask = 2147483647;
			files = (
			);
			runOnlyForDeploymentPostprocessing = 0;
		};
/* End PBXFrameworksBuildPhase section */

/* Begin PBXGroup section */
		7773B7471A2A5F5800BC150C = {
			isa = PBXGroup;
			children = (
				7773B7521A2A5F5800BC150C /* Neural Net */,
				7773B7511A2A5F5800BC150C /* Products */,
			);
			sourceTree = "<group>";
		};
		7773B7511A2A5F5800BC150C /* Products */ = {
			isa = PBXGroup;
			children = (
				7773B7501A2A5F5800BC150C /* Neural Net */,
			);
			name = Products;
			sourceTree = "<group>";
		};
		7773B7521A2A5F5800BC150C /* Neural Net */ = {
			isa = PBXGroup;
			children = (
				7773B7531A2A5F5800BC150C /* main.cpp */,
				7773B75A1A2AF7F000BC150C /* SpatialPooler.cpp */,
				7773B75B1A2AF7F000BC150C /* SpatialPooler.h */,
				7773B75D1A2B06B500BC150C /* neuron.cpp */,
				7773B75E1A2B06B500BC150C /* neuron.h */,
				7773B7601A2B06F400BC150C /* def.h */,
				7773B7611A2D947100BC150C /* CorticalColumn.cpp */,
				7773B7621A2D947100BC150C /* CorticalColumn.h */,
				776782A11A3D8CC700E59594 /* HierarchalSection.cpp */,
				776782A21A3D8CC700E59594 /* HierarchalSection.h */,
				776782A41A3D8EB600E59594 /* MensMentis.cpp */,
				776782A51A3D8EB600E59594 /* MensMentis.h */,
			);
			path = "Neural Net";
			sourceTree = "<group>";
		};
/* End PBXGroup section */

/* Begin PBXNativeTarget section */
		7773B74F1A2A5F5800BC150C /* Neural Net */ = {
			isa = PBXNativeTarget;
			buildConfigurationList = 7773B7571A2A5F5800BC150C /* Build configuration list for PBXNativeTarget "Neural Net" */;
			buildPhases = (
				7773B74C1A2A5F5800BC150C /* Sources */,
				7773B74D1A2A5F5800BC150C /* Frameworks */,
				7773B74E1A2A5F5800BC150C /* CopyFiles */,
			);
			buildRules = (
			);
			dependencies = (
			);
			name = "Neural Net";
			productName = "Neural Net";
			productReference = 7773B7501A2A5F5800BC150C /* Neural Net */;
			productType = "com.apple.product-type.tool";
		};
/* End PBXNativeTarget section */

/* Begin PBXProject section */
		7773B7481A2A5F5800BC150C /* Project object */ = {
			isa = PBXProject;
			attributes = {
				LastUpgradeCheck = 0610;
				ORGANIZATIONNAME = "Jeremy Hartmann";
				TargetAttributes = {
					7773B74F1A2A5F5800BC150C = {
						CreatedOnToolsVersion = 6.1;
					};
				};
			};
			buildConfigurationList = 7773B74B1A2A5F5800BC150C /* Build configuration list for PBXProject "Neural Net" */;
			compatibilityVersion = "Xcode 3.2";
			developmentRegion = English;
			hasScannedForEncodings = 0;
			knownRegions = (
				en,
			);
			mainGroup = 7773B7471A2A5F5800BC150C;
			productRefGroup = 7773B7511A2A5F5800BC150C /* Products */;
			projectDirPath = "";
			projectRoot = "";
			targets = (
				7773B74F1A2A5F5800BC150C /* Neural Net */,
			);
		};
/* End PBXProject section */

/* Begin PBXSourcesBuildPhase section */
		7773B74C1A2A5F5800BC150C /* Sources */ = {
			isa = PBXSourcesBuildPhase;
			buildActionMask = 2147483647;
			files = (
				776782A31A3D8CC700E59594 /* HierarchalSection.cpp in Sources */,
				7773B7541A2A5F5800BC150C /* main.cpp in Sources */,
				7773B75C1A2AF7F000BC150C /* SpatialPooler.cpp in Sources */,
				7773B7631A2D947100BC150C /* CorticalColumn.cpp in Sources */,
				776782A61A3D8EB600E59594 /* MensMentis.cpp in Sources */,
				7773B75F1A2B06B500BC150C /* neuron.cpp in Sources */,
			);
			runOnlyForDeploymentPostprocessing = 0;
		};
/* End PBXSourcesBuildPhase section */

/* Begin XCBuildConfiguration section */
		7773B7551A2A5F5800BC150C /* Debug */ = {
			isa = XCBuildConfiguration;
			buildSettings = {
				ALWAYS_SEARCH_USER_PATHS = NO;
				CLANG_CXX_LANGUAGE_STANDARD = "gnu++0x";
				CLANG_CXX_LIBRARY = "libc++";
				CLANG_ENABLE_MODULES = YES;
				CLANG_ENABLE_OBJC_ARC = YES;
				CLANG_WARN_BOOL_CONVERSION = YES;
				CLANG_WARN_CONSTANT_CONVERSION = YES;
				CLANG_WARN_DIRECT_OBJC_ISA_USAGE = YES_ERROR;
				CLANG_WARN_EMPTY_BODY = YES;
				CLANG_WARN_ENUM_CONVERSION = YES;
				CLANG_WARN_INT_CONVERSION = YES;
				CLANG_WARN_OBJC_ROOT_CLASS = YES_ERROR;
				CLANG_WARN_UNREACHABLE_CODE = YES;
				CLANG_WARN__DUPLICATE_METHOD_MATCH = YES;
				COPY_PHASE_STRIP = NO;
				ENABLE_STRICT_OBJC_MSGSEND = YES;
				GCC_C_LANGUAGE_STANDARD = gnu99;
				GCC_DYNAMIC_NO_PIC = NO;
				GCC_OPTIMIZATION_LEVEL = 0;
				GCC_PREPROCESSOR_DEFINITIONS = (
					"DEBUG=1",
					"$(inherited)",
				);
				GCC_SYMBOLS_PRIVATE_EXTERN = NO;
				GCC_WARN_64_TO_32_BIT_CONVERSION = YES;
				GCC_WARN_ABOUT_RETURN_TYPE = YES_ERROR;
				GCC_WARN_UNDECLARED_SELECTOR = YES;
				GCC_WARN_UNINITIALIZED_AUTOS = YES_AGGRESSIVE;
				GCC_WARN_UNUSED_FUNCTION = YES;
				GCC_WARN_UNUSED_VARIABLE = YES;
				MACOSX_DEPLOYMENT_TARGET = 10.9;
				MTL_ENABLE_DEBUG_INFO = YES;
				ONLY_ACTIVE_ARCH = YES;
				SDKROOT = macosx;
			};
			name = Debug;
		};
		7773B7561A2A5F5800BC150C /* Release */ = {
			isa = XCBuildConfiguration;
			buildSettings = {
				ALWAYS_SEARCH_USER_PATHS = NO;
				CLANG_CXX_LANGUAGE_STANDARD = "gnu++0x";
				CLANG_CXX_LIBRARY = "libc++";
				CLANG_ENABLE_MODULES = YES;
				CLANG_ENABLE_OBJC_ARC = YES;
				CLANG_WARN_BOOL_CONVERSION = YES;
				CLANG_WARN_CONSTANT_CONVERSION = YES;
				CLANG_WARN_DIRECT_OBJC_ISA_USAGE = YES_ERROR;
				CLANG_WARN_EMPTY_BODY = YES;
				CLANG_WARN_ENUM_CONVERSION = YES;
				CLANG_WARN_INT_CONVERSION = YES;
				CLANG_WARN_OBJC_ROOT_CLASS = YES_ERROR;
				CLANG_WARN_UNREACHABLE_CODE = YES;
				CLANG_WARN__DUPLICATE_METHOD_MATCH = YES;
				COPY_PHASE_STRIP = YES;
				DEBUG_INFORMATION_FORMAT = "dwarf-with-dsym";
				ENABLE_NS_ASSERTIONS = NO;
				ENABLE_STRICT_OBJC_MSGSEND = YES;
				GCC_C_LANGUAGE_STANDARD = gnu99;
				GCC_WARN_64_TO_32_BIT_CONVERSION = YES;
				GCC_WARN_ABOUT_RETURN_TYPE = YES_ERROR;
				GCC_WARN_UNDECLARED_SELECTOR = YES;
				GCC_WARN_UNINITIALIZED_AUTOS = YES_AGGRESSIVE;
				GCC_WARN_UNUSED_FUNCTION = YES;
				GCC_WARN_UNUSED_VARIABLE = YES;
				MACOSX_DEPLOYMENT_TARGET = 10.9;
				MTL_ENABLE_DEBUG_INFO = NO;
				SDKROOT = macosx;
			};
			name = Release;
		};
		7773B7581A2A5F5800BC150C /* Debug */ = {
			isa = XCBuildConfiguration;
			buildSettings = {
				PRODUCT_NAME = "$(TARGET_NAME)";
			};
			name = Debug;
		};
		7773B7591A2A5F5800BC150C /* Release */ = {
			isa = XCBuildConfiguration;
			buildSettings = {
				PRODUCT_NAME = "$(TARGET_NAME)";
			};
			name = Release;
		};
/* End XCBuildConfiguration section */

/* Begin XCConfigurationList section */
		7773B74B1A2A5F5800BC150C /* Build configuration list for PBXProject "Neural Net" */ = {
			isa = XCConfigurationList;
			buildConfigurations = (
				7773B7551A2A5F5800BC150C /* Debug */,
				7773B7561A2A5F5800BC150C /* Release */,
			);
			defaultConfigurationIsVisible = 0;
			defaultConfigurationName = Release;
		};
		7773B7571A2A5F5800BC150C /* Build configuration list for PBXNativeTarget "Neural Net" */ = {
			isa = XCConfigurationList;
			buildConfigurations = (
				7773B7581A2A5F5800BC150C /* Debug */,
				7773B7591A2A5F5800BC150C /* Release */,
			);
			defaultConfigurationIsVisible = 0;
			defaultConfigurationName = Release;
		};
/* End XCConfigurationList section */
	};
	rootObject = 7773B7481A2A5F5800BC150C /* Project object */;
}
